
Microsoft Visual Studio Solution File, Format Version 12.00
# Visual Studio 15
Project("{FAE04EC0-301F-11D3-BF4B-00C04F79EFBC}") = "Assembly-CSharp", "Assembly-CSharp.csproj", "{F12E14AD-577E-954F-FC94-B15C53AC3602}"
EndProject
Project("{FAE04EC0-301F-11D3-BF4B-00C04F79EFBC}") = "DOTween.Modules", "DOTween.Modules.csproj", "{5FF952A6-50F5-4CC0-B6C9-23C08AAF1B68}"
EndProject
Project("{FAE04EC0-301F-11D3-BF4B-00C04F79EFBC}") = "Assembly-CSharp-Editor", "Assembly-CSharp-Editor.csproj", "{216EE823-1A6F-84DE-761F-0EE7CE7254D0}"
EndProject
Global
	GlobalSection(SolutionConfigurationPlatforms) = preSolution
		Debug|Any CPU = Debug|Any CPU
		Release|Any CPU = Release|Any CPU
	EndGlobalSection
	GlobalSection(ProjectConfigurationPlatforms) = postSolution
		{F12E14AD-577E-954F-FC94-B15C53AC3602}.Debug|Any CPU.ActiveCfg = Debug|Any CPU
		{F12E14AD-577E-954F-FC94-B15C53AC3602}.Debug|Any CPU.Build.0 = Debug|Any CPU
		{F12E14AD-577E-954F-FC94-B15C53AC3602}.Release|Any CPU.ActiveCfg = Release|Any CPU
		{F12E14AD-577E-954F-FC94-B15C53AC3602}.Release|Any CPU.Build.0 = Release|Any CPU
		{5FF952A6-50F5-4CC0-B6C9-23C08AAF1B68}.Debug|Any CPU.ActiveCfg = Debug|Any CPU
		{5FF952A6-50F5-4CC0-B6C9-23C08AAF1B68}.Debug|Any CPU.Build.0 = Debug|Any CPU
		{5FF952A6-50F5-4CC0-B6C9-23C08AAF1B68}.Release|Any CPU.ActiveCfg = Release|Any CPU
		{5FF952A6-50F5-4CC0-B6C9-23C08AAF1B68}.Release|Any CPU.Build.0 = Release|Any CPU
		{216EE823-1A6F-84DE-761F-0EE7CE7254D0}.Debug|Any CPU.ActiveCfg = Debug|Any CPU
		{216EE823-1A6F-84DE-761F-0EE7CE7254D0}.Debug|Any CPU.Build.0 = Debug|Any CPU
		{216EE823-1A6F-84DE-761F-0EE7CE7254D0}.Release|Any CPU.ActiveCfg = Release|Any CPU
		{216EE823-1A6F-84DE-761F-0EE7CE7254D0}.Release|Any CPU.Build.0 = Release|Any CPU
	EndGlobalSection
	GlobalSection(SolutionProperties) = preSolution
		HideSolutionNode = FALSE
	EndGlobalSection
EndGlobal
